{
  "name": "w3c_school",
  "version": "1.0.0",
  "lockfileVersion": 1,
  "requires": true,
  "dependencies": {
    "formidable": {
      "version": "1.2.2",
      "resolved": "https://registry.npmjs.org/formidable/-/formidable-1.2.2.tgz",
      "integrity": "sha512-V8gLm+41I/8kguQ4/o1D3RIHRmhYFG4pnNyonvua+40rqcEmT4+V71yaZ3B457xbbgCsCfjSPi65u/W6vK1U5Q=="
    },
    "nodemailer": {
      "version": "6.4.14",
      "resolved": "https://registry.npmjs.org/nodemailer/-/nodemailer-6.4.14.tgz",
      "integrity": "sha512-0AQHOOT+nRAOK6QnksNaK7+5vjviVvEBzmZytKU7XSA+Vze2NLykTx/05ti1uJgXFTWrMq08u3j3x4r4OE6PAA=="
    }
  }
}
